
Microsoft Visual Studio Solution File, Format Version 12.00
# Visual Studio Version 17
VisualStudioVersion = 17.13.35806.99 d17.13
MinimumVisualStudioVersion = 10.0.40219.1
Project("{FAE04EC0-301F-11D3-BF4B-00C04F79EFBC}") = "Tarea1", "Tarea1.csproj", "{055C554C-253D-49BB-8066-D94F387C38BD}"
EndProject
Global
	GlobalSection(SolutionConfigurationPlatforms) = preSolution
		Debug|Any CPU = Debug|Any CPU
		Release|Any CPU = Release|Any CPU
	EndGlobalSection
	GlobalSection(ProjectConfigurationPlatforms) = postSolution
		{055C554C-253D-49BB-8066-D94F387C38BD}.Debug|Any CPU.ActiveCfg = Debug|Any CPU
		{055C554C-253D-49BB-8066-D94F387C38BD}.Debug|Any CPU.Build.0 = Debug|Any CPU
		{055C554C-253D-49BB-8066-D94F387C38BD}.Release|Any CPU.ActiveCfg = Release|Any CPU
		{055C554C-253D-49BB-8066-D94F387C38BD}.Release|Any CPU.Build.0 = Release|Any CPU
	EndGlobalSection
	GlobalSection(SolutionProperties) = preSolution
		HideSolutionNode = FALSE
	EndGlobalSection
	GlobalSection(ExtensibilityGlobals) = postSolution
		SolutionGuid = {E9AE34E4-4407-4795-9905-C27EABB96B92}
	EndGlobalSection
EndGlobal
